{
  "name": "easepick-booking-plugin",
  "version": "0.2.1",
  "lockfileVersion": 3,
  "requires": true,
  "packages": {
    "": {
      "name": "easepick-booking-plugin",
      "version": "0.2.1",
      "license": "GPL-2.0-or-later",
      "dependencies": {
        "@easepick/base-plugin": "^1.1.0",
        "@easepick/core": "^1.2.1",
        "@easepick/datetime": "^1.2.1"
      },
      "devDependencies": {
        "typescript": "^5.4.2"
      }
    },
    "node_modules/@easepick/base-plugin": {
      "version": "1.2.1",
      "resolved": "https://registry.npmjs.org/@easepick/base-plugin/-/base-plugin-1.2.1.tgz",
      "integrity": "sha512-aonBQaRyZwNH/gmPzSzZDVjQjgy/rxWd+TXnM0E3Nxkeu4yMbXV+GnWVQbBwTvJx74M7iSCHJowdmZ5T46B7Vg==",
      "dependencies": {
        "@easepick/core": "^1.1.0"
      }
    },
    "node_modules/@easepick/core": {
      "version": "1.2.1",
      "resolved": "https://registry.npmjs.org/@easepick/core/-/core-1.2.1.tgz",
      "integrity": "sha512-V/blEia/ykAq+0mnQ9djOU5wvMZ+iffL5iuQrKLObpMOw38kL/qo4inH4pCbB3wm7sDjrJTuDKf+6+FrgdFGsw==",
      "dependencies": {
        "@easepick/datetime": "^1.1.0"
      }
    },
    "node_modules/@easepick/datetime": {
      "version": "1.2.1",
      "resolved": "https://registry.npmjs.org/@easepick/datetime/-/datetime-1.2.1.tgz",
      "integrity": "sha512-KIUvWo/kEipwBqPTazjfUf6R7dKb2ztPizPoB/0ZMYz3HrWJptsLSZQma3R1nM/zkaexnk/e4L4nX+vDjwBtYA=="
    },
    "node_modules/typescript": {
      "version": "5.4.2",
      "resolved": "https://registry.npmjs.org/typescript/-/typescript-5.4.2.tgz",
      "integrity": "sha512-+2/g0Fds1ERlP6JsakQQDXjZdZMM+rqpamFZJEKh4kwTIn3iDkgKtby0CeNd5ATNZ4Ry1ax15TMx0W2V+miizQ==",
      "dev": true,
      "bin": {
        "tsc": "bin/tsc",
        "tsserver": "bin/tsserver"
      },
      "engines": {
        "node": ">=14.17"
      }
    }
  }
}
